
Microsoft Visual Studio Solution File, Format Version 12.00
# Visual Studio Version 17
VisualStudioVersion = 17.13.35913.81 d17.13
MinimumVisualStudioVersion = 10.0.40219.1
Project("{FAE04EC0-301F-11D3-BF4B-00C04F79EFBC}") = "Guns-Survival-Leaderboard-Tester", "Guns-Survival-Leaderboard-Tester\Guns-Survival-Leaderboard-Tester.csproj", "{8897BA17-3C08-4C72-9781-97942AE5238B}"
EndProject
Global
	GlobalSection(SolutionConfigurationPlatforms) = preSolution
		Debug|Any CPU = Debug|Any CPU
		Release|Any CPU = Release|Any CPU
	EndGlobalSection
	GlobalSection(ProjectConfigurationPlatforms) = postSolution
		{8897BA17-3C08-4C72-9781-97942AE5238B}.Debug|Any CPU.ActiveCfg = Debug|Any CPU
		{8897BA17-3C08-4C72-9781-97942AE5238B}.Debug|Any CPU.Build.0 = Debug|Any CPU
		{8897BA17-3C08-4C72-9781-97942AE5238B}.Release|Any CPU.ActiveCfg = Release|Any CPU
		{8897BA17-3C08-4C72-9781-97942AE5238B}.Release|Any CPU.Build.0 = Release|Any CPU
	EndGlobalSection
	GlobalSection(SolutionProperties) = preSolution
		HideSolutionNode = FALSE
	EndGlobalSection
	GlobalSection(ExtensibilityGlobals) = postSolution
		SolutionGuid = {6220C71C-4DD2-4EDE-94E3-75F4B603F2ED}
	EndGlobalSection
EndGlobal
